{
  "name": "github_workflow_tester",
  "version": "1.0.0",
  "lockfileVersion": 3,
  "requires": true,
  "packages": {
    "": {
      "name": "github_workflow_tester",
      "version": "1.0.0",
      "license": "ISC",
      "dependencies": {
        "7zip": "^0.0.6",
        "7zip-bin": "5.1.1"
      }
    },
    "node_modules/7zip": {
      "version": "0.0.6",
      "resolved": "https://registry.npmjs.org/7zip/-/7zip-0.0.6.tgz",
      "integrity": "sha512-ns8vKbKhIQm338AeWo/YdDSWil3pldwCMoyR2npoM2qDAzF8Vuko8BtDxpNt/wE15SXOh5K5WbjSLR4kTOAHLA==",
      "bin": {
        "7z": "7zip-lite/7z.exe"
      }
    },
    "node_modules/7zip-bin": {
      "version": "5.1.1",
      "resolved": "https://registry.npmjs.org/7zip-bin/-/7zip-bin-5.1.1.tgz",
      "integrity": "sha512-sAP4LldeWNz0lNzmTird3uWfFDWWTeg6V/MsmyyLR9X1idwKBWIgt/ZvinqQldJm3LecKEs1emkbquO6PCiLVQ=="
    }
  }
}
